
Microsoft Visual Studio Solution File, Format Version 12.00
# Visual Studio Version 16
VisualStudioVersion = 16.0.29613.14
MinimumVisualStudioVersion = 10.0.40219.1
Project("{9A19103F-16F7-4668-BE54-9A1E7A4F7556}") = "Structr.Abstractions", "src\Structr.Abstractions\Structr.Abstractions.csproj", "{6DC179B8-0BF3-4104-A86F-5C554E46D7AD}"
EndProject
Project("{2150E333-8FDC-42A3-9474-1A3956D46DE8}") = "src", "src", "{F4AB6236-1EB0-4F74-8A14-8C08D5959AD9}"
EndProject
Project("{9A19103F-16F7-4668-BE54-9A1E7A4F7556}") = "Structr.IO", "src\Structr.IO\Structr.IO.csproj", "{34272CFD-67AF-4D83-80A8-D139EC889D99}"
EndProject
Project("{9A19103F-16F7-4668-BE54-9A1E7A4F7556}") = "Structr.Security", "src\Structr.Security\Structr.Security.csproj", "{CE963373-73AE-492A-ADA7-95F2DFB34E33}"
EndProject
Project("{9A19103F-16F7-4668-BE54-9A1E7A4F7556}") = "Structr.Notices", "src\Structr.Notices\Structr.Notices.csproj", "{D68A8AD7-3081-4D90-BBFA-5A5AB6C7E616}"
EndProject
Project("{9A19103F-16F7-4668-BE54-9A1E7A4F7556}") = "Structr.Operations", "src\Structr.Operations\Structr.Operations.csproj", "{76A2A241-6AD2-4BB6-ADBA-60237EDCD309}"
EndProject
Project("{2150E333-8FDC-42A3-9474-1A3956D46DE8}") = "samples", "samples", "{2CFA96B8-B9CE-4E9B-AFEF-EC7164B37F3F}"
EndProject
Project("{9A19103F-16F7-4668-BE54-9A1E7A4F7556}") = "Structr.Samples.Operations", "samples\Structr.Samples.Operations\Structr.Samples.Operations.csproj", "{32D49AE9-D01E-4F6D-82CF-A9D9D101B5D7}"
EndProject
Project("{9A19103F-16F7-4668-BE54-9A1E7A4F7556}") = "Structr.Validation", "src\Structr.Validation\Structr.Validation.csproj", "{0A5E0053-7E52-4949-A5E4-3B7718EDFE19}"
EndProject
Project("{9A19103F-16F7-4668-BE54-9A1E7A4F7556}") = "Structr.Samples.Validation", "samples\Structr.Samples.Validation\Structr.Samples.Validation.csproj", "{31E5136C-6AFF-4619-A253-2664E5F828C5}"
EndProject
Project("{9A19103F-16F7-4668-BE54-9A1E7A4F7556}") = "Structr.Samples", "samples\Structr.Samples\Structr.Samples.csproj", "{B124C5E1-C37B-4C91-80F5-7437B8D6FCE0}"
EndProject
Project("{9A19103F-16F7-4668-BE54-9A1E7A4F7556}") = "Structr.Domain", "src\Structr.Domain\Structr.Domain.csproj", "{23778F96-9B30-44E0-B82B-B235106F24AD}"
EndProject
Project("{9A19103F-16F7-4668-BE54-9A1E7A4F7556}") = "Structr.Samples.Notices", "samples\Structr.Samples.Notices\Structr.Samples.Notices.csproj", "{30B6A5ED-E745-41F3-9C11-B7D6372F6B0E}"
EndProject
Project("{9A19103F-16F7-4668-BE54-9A1E7A4F7556}") = "Structr.Stateflows", "src\Structr.Stateflows\Structr.Stateflows.csproj", "{C0E5F96D-5758-4FD9-BF89-000D7CAD1550}"
EndProject
Project("{9A19103F-16F7-4668-BE54-9A1E7A4F7556}") = "Structr.Samples.Stateflows", "samples\Structr.Samples.Stateflows\Structr.Samples.Stateflows.csproj", "{9BC9FCDA-E464-412D-931F-8AEF84DBD147}"
EndProject
Project("{9A19103F-16F7-4668-BE54-9A1E7A4F7556}") = "Structr.Collections", "src\Structr.Collections\Structr.Collections.csproj", "{62FC20AA-A20C-4DD4-9BEF-8E025B63D886}"
EndProject
Project("{9A19103F-16F7-4668-BE54-9A1E7A4F7556}") = "Structr.Samples.Collections", "samples\Structr.Samples.Collections\Structr.Samples.Collections.csproj", "{70910BC7-9EAB-445D-830B-30545005A1E0}"
EndProject
Project("{9A19103F-16F7-4668-BE54-9A1E7A4F7556}") = "Structr.Specifications", "src\Structr.Specifications\Structr.Specifications.csproj", "{2C635480-E57F-4F1F-B7BC-009D37344A97}"
EndProject
Project("{9A19103F-16F7-4668-BE54-9A1E7A4F7556}") = "Structr.Collections.Extensions.AutoMapper", "src\Structr.Collections.Extensions.AutoMapper\Structr.Collections.Extensions.AutoMapper.csproj", "{3522BE45-ABB2-43E5-9227-8C923E841A37}"
EndProject
Project("{2150E333-8FDC-42A3-9474-1A3956D46DE8}") = "tests", "tests", "{77CAEE0B-590C-47CD-9AA8-18BDDD3F36BD}"
EndProject
Project("{9A19103F-16F7-4668-BE54-9A1E7A4F7556}") = "Structr.Specifications.Tests", "tests\Structr.Specifications.Tests\Structr.Specifications.Tests.csproj", "{24F2A8EC-AA3B-4343-8554-64E0A9F5D8BF}"
EndProject
Project("{9A19103F-16F7-4668-BE54-9A1E7A4F7556}") = "Structr.Samples.Domain", "samples\Structr.Samples.Domain\Structr.Samples.Domain.csproj", "{06335998-2AB6-4276-801B-8130065CD48E}"
EndProject
Project("{9A19103F-16F7-4668-BE54-9A1E7A4F7556}") = "Structr.Domain.Tests", "tests\Structr.Domain.Tests\Structr.Domain.Tests.csproj", "{FCBBC312-5DD2-4847-8703-B8F66C623CE4}"
EndProject
Project("{9A19103F-16F7-4668-BE54-9A1E7A4F7556}") = "Structr.Samples.IO", "samples\Structr.Samples.IO\Structr.Samples.IO.csproj", "{1C277526-2629-4A49-88A1-F329D453BD7D}"
EndProject
Project("{9A19103F-16F7-4668-BE54-9A1E7A4F7556}") = "Structr.IO.Tests", "tests\Structr.IO.Tests\Structr.IO.Tests.csproj", "{7947E6B7-C169-4CD5-9D75-0C52EBE04BBD}"
EndProject
Project("{9A19103F-16F7-4668-BE54-9A1E7A4F7556}") = "Structr.Samples.Specifications", "samples\Structr.Samples.Specifications\Structr.Samples.Specifications.csproj", "{777AAF71-F645-456C-B3FC-7BABE1E03D31}"
EndProject
Project("{9A19103F-16F7-4668-BE54-9A1E7A4F7556}") = "Structr.EntityFrameworkCore", "src\Structr.EntityFrameworkCore\Structr.EntityFrameworkCore.csproj", "{FEC35B12-CC95-4DE3-A594-1B9473E520CD}"
EndProject
Project("{9A19103F-16F7-4668-BE54-9A1E7A4F7556}") = "Structr.SqlServer", "src\Structr.SqlServer\Structr.SqlServer.csproj", "{8715F0E6-E605-40AA-A102-FB76BC1D707E}"
EndProject
Project("{9A19103F-16F7-4668-BE54-9A1E7A4F7556}") = "Structr.Samples.EntityFrameworkCore", "samples\Structr.Samples.EntityFrameworkCore\Structr.Samples.EntityFrameworkCore.csproj", "{DCC0472E-FDBF-406B-999F-372630458E76}"
EndProject
Project("{9A19103F-16F7-4668-BE54-9A1E7A4F7556}") = "Structr.EntityFramework", "src\Structr.EntityFramework\Structr.EntityFramework.csproj", "{47785C01-B72E-44E5-B5A3-A802B458E374}"
EndProject
Project("{FAE04EC0-301F-11D3-BF4B-00C04F79EFBC}") = "Structr.Samples.EntityFramework", "samples\Structr.Samples.EntityFramework\Structr.Samples.EntityFramework.csproj", "{1F55D273-A817-4D40-AAEA-2D332CCF2D95}"
EndProject
Project("{9A19103F-16F7-4668-BE54-9A1E7A4F7556}") = "Structr.Abstractions.Tests", "tests\Structr.Abstractions.Tests\Structr.Abstractions.Tests.csproj", "{529D8322-6760-454E-95AB-CAE2DF5EC39C}"
EndProject
Project("{9A19103F-16F7-4668-BE54-9A1E7A4F7556}") = "Structr.AspNetCore", "src\Structr.AspNetCore\Structr.AspNetCore.csproj", "{954D49A0-EA52-417E-99DF-D1BD7C410AB4}"
EndProject
Project("{9A19103F-16F7-4668-BE54-9A1E7A4F7556}") = "Structr.Navigation", "src\Structr.Navigation\Structr.Navigation.csproj", "{8FE89D63-D9EE-49C4-92AD-B73E72201088}"
EndProject
Project("{9A19103F-16F7-4668-BE54-9A1E7A4F7556}") = "Structr.Samples.Navigation", "samples\Structr.Samples.Navigation\Structr.Samples.Navigation.csproj", "{04248864-11E0-4B2B-863A-B18FD41E9007}"
EndProject
Project("{9A19103F-16F7-4668-BE54-9A1E7A4F7556}") = "Structr.Navigation.Tests", "tests\Structr.Navigation.Tests\Structr.Navigation.Tests.csproj", "{8B0AF375-44DC-43DC-8EB7-2EC28441BC23}"
EndProject
Project("{FAE04EC0-301F-11D3-BF4B-00C04F79EFBC}") = "Structr.Samples.AspNetCore", "samples\Structr.Samples.AspNetCore\Structr.Samples.AspNetCore.csproj", "{B8601221-86CF-4064-9C20-78586A101BB7}"
EndProject
Global
	GlobalSection(SolutionConfigurationPlatforms) = preSolution
		Debug|Any CPU = Debug|Any CPU
		Release|Any CPU = Release|Any CPU
	EndGlobalSection
	GlobalSection(ProjectConfigurationPlatforms) = postSolution
		{6DC179B8-0BF3-4104-A86F-5C554E46D7AD}.Debug|Any CPU.ActiveCfg = Debug|Any CPU
		{6DC179B8-0BF3-4104-A86F-5C554E46D7AD}.Debug|Any CPU.Build.0 = Debug|Any CPU
		{6DC179B8-0BF3-4104-A86F-5C554E46D7AD}.Release|Any CPU.ActiveCfg = Release|Any CPU
		{6DC179B8-0BF3-4104-A86F-5C554E46D7AD}.Release|Any CPU.Build.0 = Release|Any CPU
		{34272CFD-67AF-4D83-80A8-D139EC889D99}.Debug|Any CPU.ActiveCfg = Debug|Any CPU
		{34272CFD-67AF-4D83-80A8-D139EC889D99}.Debug|Any CPU.Build.0 = Debug|Any CPU
		{34272CFD-67AF-4D83-80A8-D139EC889D99}.Release|Any CPU.ActiveCfg = Release|Any CPU
		{34272CFD-67AF-4D83-80A8-D139EC889D99}.Release|Any CPU.Build.0 = Release|Any CPU
		{CE963373-73AE-492A-ADA7-95F2DFB34E33}.Debug|Any CPU.ActiveCfg = Debug|Any CPU
		{CE963373-73AE-492A-ADA7-95F2DFB34E33}.Debug|Any CPU.Build.0 = Debug|Any CPU
		{CE963373-73AE-492A-ADA7-95F2DFB34E33}.Release|Any CPU.ActiveCfg = Release|Any CPU
		{CE963373-73AE-492A-ADA7-95F2DFB34E33}.Release|Any CPU.Build.0 = Release|Any CPU
		{D68A8AD7-3081-4D90-BBFA-5A5AB6C7E616}.Debug|Any CPU.ActiveCfg = Debug|Any CPU
		{D68A8AD7-3081-4D90-BBFA-5A5AB6C7E616}.Debug|Any CPU.Build.0 = Debug|Any CPU
		{D68A8AD7-3081-4D90-BBFA-5A5AB6C7E616}.Release|Any CPU.ActiveCfg = Release|Any CPU
		{D68A8AD7-3081-4D90-BBFA-5A5AB6C7E616}.Release|Any CPU.Build.0 = Release|Any CPU
		{76A2A241-6AD2-4BB6-ADBA-60237EDCD309}.Debug|Any CPU.ActiveCfg = Debug|Any CPU
		{76A2A241-6AD2-4BB6-ADBA-60237EDCD309}.Debug|Any CPU.Build.0 = Debug|Any CPU
		{76A2A241-6AD2-4BB6-ADBA-60237EDCD309}.Release|Any CPU.ActiveCfg = Release|Any CPU
		{76A2A241-6AD2-4BB6-ADBA-60237EDCD309}.Release|Any CPU.Build.0 = Release|Any CPU
		{32D49AE9-D01E-4F6D-82CF-A9D9D101B5D7}.Debug|Any CPU.ActiveCfg = Debug|Any CPU
		{32D49AE9-D01E-4F6D-82CF-A9D9D101B5D7}.Debug|Any CPU.Build.0 = Debug|Any CPU
		{32D49AE9-D01E-4F6D-82CF-A9D9D101B5D7}.Release|Any CPU.ActiveCfg = Release|Any CPU
		{32D49AE9-D01E-4F6D-82CF-A9D9D101B5D7}.Release|Any CPU.Build.0 = Release|Any CPU
		{0A5E0053-7E52-4949-A5E4-3B7718EDFE19}.Debug|Any CPU.ActiveCfg = Debug|Any CPU
		{0A5E0053-7E52-4949-A5E4-3B7718EDFE19}.Debug|Any CPU.Build.0 = Debug|Any CPU
		{0A5E0053-7E52-4949-A5E4-3B7718EDFE19}.Release|Any CPU.ActiveCfg = Release|Any CPU
		{0A5E0053-7E52-4949-A5E4-3B7718EDFE19}.Release|Any CPU.Build.0 = Release|Any CPU
		{31E5136C-6AFF-4619-A253-2664E5F828C5}.Debug|Any CPU.ActiveCfg = Debug|Any CPU
		{31E5136C-6AFF-4619-A253-2664E5F828C5}.Debug|Any CPU.Build.0 = Debug|Any CPU
		{31E5136C-6AFF-4619-A253-2664E5F828C5}.Release|Any CPU.ActiveCfg = Release|Any CPU
		{31E5136C-6AFF-4619-A253-2664E5F828C5}.Release|Any CPU.Build.0 = Release|Any CPU
		{B124C5E1-C37B-4C91-80F5-7437B8D6FCE0}.Debug|Any CPU.ActiveCfg = Debug|Any CPU
		{B124C5E1-C37B-4C91-80F5-7437B8D6FCE0}.Debug|Any CPU.Build.0 = Debug|Any CPU
		{B124C5E1-C37B-4C91-80F5-7437B8D6FCE0}.Release|Any CPU.ActiveCfg = Release|Any CPU
		{B124C5E1-C37B-4C91-80F5-7437B8D6FCE0}.Release|Any CPU.Build.0 = Release|Any CPU
		{23778F96-9B30-44E0-B82B-B235106F24AD}.Debug|Any CPU.ActiveCfg = Debug|Any CPU
		{23778F96-9B30-44E0-B82B-B235106F24AD}.Debug|Any CPU.Build.0 = Debug|Any CPU
		{23778F96-9B30-44E0-B82B-B235106F24AD}.Release|Any CPU.ActiveCfg = Release|Any CPU
		{23778F96-9B30-44E0-B82B-B235106F24AD}.Release|Any CPU.Build.0 = Release|Any CPU
		{30B6A5ED-E745-41F3-9C11-B7D6372F6B0E}.Debug|Any CPU.ActiveCfg = Debug|Any CPU
		{30B6A5ED-E745-41F3-9C11-B7D6372F6B0E}.Debug|Any CPU.Build.0 = Debug|Any CPU
		{30B6A5ED-E745-41F3-9C11-B7D6372F6B0E}.Release|Any CPU.ActiveCfg = Release|Any CPU
		{30B6A5ED-E745-41F3-9C11-B7D6372F6B0E}.Release|Any CPU.Build.0 = Release|Any CPU
		{C0E5F96D-5758-4FD9-BF89-000D7CAD1550}.Debug|Any CPU.ActiveCfg = Debug|Any CPU
		{C0E5F96D-5758-4FD9-BF89-000D7CAD1550}.Debug|Any CPU.Build.0 = Debug|Any CPU
		{C0E5F96D-5758-4FD9-BF89-000D7CAD1550}.Release|Any CPU.ActiveCfg = Release|Any CPU
		{C0E5F96D-5758-4FD9-BF89-000D7CAD1550}.Release|Any CPU.Build.0 = Release|Any CPU
		{9BC9FCDA-E464-412D-931F-8AEF84DBD147}.Debug|Any CPU.ActiveCfg = Debug|Any CPU
		{9BC9FCDA-E464-412D-931F-8AEF84DBD147}.Debug|Any CPU.Build.0 = Debug|Any CPU
		{9BC9FCDA-E464-412D-931F-8AEF84DBD147}.Release|Any CPU.ActiveCfg = Release|Any CPU
		{9BC9FCDA-E464-412D-931F-8AEF84DBD147}.Release|Any CPU.Build.0 = Release|Any CPU
		{62FC20AA-A20C-4DD4-9BEF-8E025B63D886}.Debug|Any CPU.ActiveCfg = Debug|Any CPU
		{62FC20AA-A20C-4DD4-9BEF-8E025B63D886}.Debug|Any CPU.Build.0 = Debug|Any CPU
		{62FC20AA-A20C-4DD4-9BEF-8E025B63D886}.Release|Any CPU.ActiveCfg = Release|Any CPU
		{62FC20AA-A20C-4DD4-9BEF-8E025B63D886}.Release|Any CPU.Build.0 = Release|Any CPU
		{70910BC7-9EAB-445D-830B-30545005A1E0}.Debug|Any CPU.ActiveCfg = Debug|Any CPU
		{70910BC7-9EAB-445D-830B-30545005A1E0}.Debug|Any CPU.Build.0 = Debug|Any CPU
		{70910BC7-9EAB-445D-830B-30545005A1E0}.Release|Any CPU.ActiveCfg = Release|Any CPU
		{70910BC7-9EAB-445D-830B-30545005A1E0}.Release|Any CPU.Build.0 = Release|Any CPU
		{2C635480-E57F-4F1F-B7BC-009D37344A97}.Debug|Any CPU.ActiveCfg = Debug|Any CPU
		{2C635480-E57F-4F1F-B7BC-009D37344A97}.Debug|Any CPU.Build.0 = Debug|Any CPU
		{2C635480-E57F-4F1F-B7BC-009D37344A97}.Release|Any CPU.ActiveCfg = Release|Any CPU
		{2C635480-E57F-4F1F-B7BC-009D37344A97}.Release|Any CPU.Build.0 = Release|Any CPU
		{3522BE45-ABB2-43E5-9227-8C923E841A37}.Debug|Any CPU.ActiveCfg = Debug|Any CPU
		{3522BE45-ABB2-43E5-9227-8C923E841A37}.Debug|Any CPU.Build.0 = Debug|Any CPU
		{3522BE45-ABB2-43E5-9227-8C923E841A37}.Release|Any CPU.ActiveCfg = Release|Any CPU
		{3522BE45-ABB2-43E5-9227-8C923E841A37}.Release|Any CPU.Build.0 = Release|Any CPU
		{24F2A8EC-AA3B-4343-8554-64E0A9F5D8BF}.Debug|Any CPU.ActiveCfg = Debug|Any CPU
		{24F2A8EC-AA3B-4343-8554-64E0A9F5D8BF}.Debug|Any CPU.Build.0 = Debug|Any CPU
		{24F2A8EC-AA3B-4343-8554-64E0A9F5D8BF}.Release|Any CPU.ActiveCfg = Release|Any CPU
		{24F2A8EC-AA3B-4343-8554-64E0A9F5D8BF}.Release|Any CPU.Build.0 = Release|Any CPU
		{06335998-2AB6-4276-801B-8130065CD48E}.Debug|Any CPU.ActiveCfg = Debug|Any CPU
		{06335998-2AB6-4276-801B-8130065CD48E}.Debug|Any CPU.Build.0 = Debug|Any CPU
		{06335998-2AB6-4276-801B-8130065CD48E}.Release|Any CPU.ActiveCfg = Release|Any CPU
		{06335998-2AB6-4276-801B-8130065CD48E}.Release|Any CPU.Build.0 = Release|Any CPU
		{FCBBC312-5DD2-4847-8703-B8F66C623CE4}.Debug|Any CPU.ActiveCfg = Debug|Any CPU
		{FCBBC312-5DD2-4847-8703-B8F66C623CE4}.Debug|Any CPU.Build.0 = Debug|Any CPU
		{FCBBC312-5DD2-4847-8703-B8F66C623CE4}.Release|Any CPU.ActiveCfg = Release|Any CPU
		{FCBBC312-5DD2-4847-8703-B8F66C623CE4}.Release|Any CPU.Build.0 = Release|Any CPU
		{1C277526-2629-4A49-88A1-F329D453BD7D}.Debug|Any CPU.ActiveCfg = Debug|Any CPU
		{1C277526-2629-4A49-88A1-F329D453BD7D}.Debug|Any CPU.Build.0 = Debug|Any CPU
		{1C277526-2629-4A49-88A1-F329D453BD7D}.Release|Any CPU.ActiveCfg = Release|Any CPU
		{1C277526-2629-4A49-88A1-F329D453BD7D}.Release|Any CPU.Build.0 = Release|Any CPU
		{7947E6B7-C169-4CD5-9D75-0C52EBE04BBD}.Debug|Any CPU.ActiveCfg = Debug|Any CPU
		{7947E6B7-C169-4CD5-9D75-0C52EBE04BBD}.Debug|Any CPU.Build.0 = Debug|Any CPU
		{7947E6B7-C169-4CD5-9D75-0C52EBE04BBD}.Release|Any CPU.ActiveCfg = Release|Any CPU
		{7947E6B7-C169-4CD5-9D75-0C52EBE04BBD}.Release|Any CPU.Build.0 = Release|Any CPU
		{777AAF71-F645-456C-B3FC-7BABE1E03D31}.Debug|Any CPU.ActiveCfg = Debug|Any CPU
		{777AAF71-F645-456C-B3FC-7BABE1E03D31}.Debug|Any CPU.Build.0 = Debug|Any CPU
		{777AAF71-F645-456C-B3FC-7BABE1E03D31}.Release|Any CPU.ActiveCfg = Release|Any CPU
		{777AAF71-F645-456C-B3FC-7BABE1E03D31}.Release|Any CPU.Build.0 = Release|Any CPU
		{FEC35B12-CC95-4DE3-A594-1B9473E520CD}.Debug|Any CPU.ActiveCfg = Debug|Any CPU
		{FEC35B12-CC95-4DE3-A594-1B9473E520CD}.Debug|Any CPU.Build.0 = Debug|Any CPU
		{FEC35B12-CC95-4DE3-A594-1B9473E520CD}.Release|Any CPU.ActiveCfg = Release|Any CPU
		{FEC35B12-CC95-4DE3-A594-1B9473E520CD}.Release|Any CPU.Build.0 = Release|Any CPU
		{8715F0E6-E605-40AA-A102-FB76BC1D707E}.Debug|Any CPU.ActiveCfg = Debug|Any CPU
		{8715F0E6-E605-40AA-A102-FB76BC1D707E}.Debug|Any CPU.Build.0 = Debug|Any CPU
		{8715F0E6-E605-40AA-A102-FB76BC1D707E}.Release|Any CPU.ActiveCfg = Release|Any CPU
		{8715F0E6-E605-40AA-A102-FB76BC1D707E}.Release|Any CPU.Build.0 = Release|Any CPU
		{DCC0472E-FDBF-406B-999F-372630458E76}.Debug|Any CPU.ActiveCfg = Debug|Any CPU
		{DCC0472E-FDBF-406B-999F-372630458E76}.Debug|Any CPU.Build.0 = Debug|Any CPU
		{DCC0472E-FDBF-406B-999F-372630458E76}.Release|Any CPU.ActiveCfg = Release|Any CPU
		{DCC0472E-FDBF-406B-999F-372630458E76}.Release|Any CPU.Build.0 = Release|Any CPU
		{47785C01-B72E-44E5-B5A3-A802B458E374}.Debug|Any CPU.ActiveCfg = Debug|Any CPU
		{47785C01-B72E-44E5-B5A3-A802B458E374}.Debug|Any CPU.Build.0 = Debug|Any CPU
		{47785C01-B72E-44E5-B5A3-A802B458E374}.Release|Any CPU.ActiveCfg = Release|Any CPU
		{47785C01-B72E-44E5-B5A3-A802B458E374}.Release|Any CPU.Build.0 = Release|Any CPU
		{1F55D273-A817-4D40-AAEA-2D332CCF2D95}.Debug|Any CPU.ActiveCfg = Debug|Any CPU
		{1F55D273-A817-4D40-AAEA-2D332CCF2D95}.Debug|Any CPU.Build.0 = Debug|Any CPU
		{1F55D273-A817-4D40-AAEA-2D332CCF2D95}.Release|Any CPU.ActiveCfg = Release|Any CPU
		{1F55D273-A817-4D40-AAEA-2D332CCF2D95}.Release|Any CPU.Build.0 = Release|Any CPU
		{529D8322-6760-454E-95AB-CAE2DF5EC39C}.Debug|Any CPU.ActiveCfg = Debug|Any CPU
		{529D8322-6760-454E-95AB-CAE2DF5EC39C}.Debug|Any CPU.Build.0 = Debug|Any CPU
		{529D8322-6760-454E-95AB-CAE2DF5EC39C}.Release|Any CPU.ActiveCfg = Release|Any CPU
		{529D8322-6760-454E-95AB-CAE2DF5EC39C}.Release|Any CPU.Build.0 = Release|Any CPU
		{954D49A0-EA52-417E-99DF-D1BD7C410AB4}.Debug|Any CPU.ActiveCfg = Debug|Any CPU
		{954D49A0-EA52-417E-99DF-D1BD7C410AB4}.Debug|Any CPU.Build.0 = Debug|Any CPU
		{954D49A0-EA52-417E-99DF-D1BD7C410AB4}.Release|Any CPU.ActiveCfg = Release|Any CPU
		{954D49A0-EA52-417E-99DF-D1BD7C410AB4}.Release|Any CPU.Build.0 = Release|Any CPU
		{8FE89D63-D9EE-49C4-92AD-B73E72201088}.Debug|Any CPU.ActiveCfg = Debug|Any CPU
		{8FE89D63-D9EE-49C4-92AD-B73E72201088}.Debug|Any CPU.Build.0 = Debug|Any CPU
		{8FE89D63-D9EE-49C4-92AD-B73E72201088}.Release|Any CPU.ActiveCfg = Release|Any CPU
		{8FE89D63-D9EE-49C4-92AD-B73E72201088}.Release|Any CPU.Build.0 = Release|Any CPU
		{04248864-11E0-4B2B-863A-B18FD41E9007}.Debug|Any CPU.ActiveCfg = Debug|Any CPU
		{04248864-11E0-4B2B-863A-B18FD41E9007}.Debug|Any CPU.Build.0 = Debug|Any CPU
		{04248864-11E0-4B2B-863A-B18FD41E9007}.Release|Any CPU.ActiveCfg = Release|Any CPU
		{04248864-11E0-4B2B-863A-B18FD41E9007}.Release|Any CPU.Build.0 = Release|Any CPU
		{8B0AF375-44DC-43DC-8EB7-2EC28441BC23}.Debug|Any CPU.ActiveCfg = Debug|Any CPU
		{8B0AF375-44DC-43DC-8EB7-2EC28441BC23}.Debug|Any CPU.Build.0 = Debug|Any CPU
		{8B0AF375-44DC-43DC-8EB7-2EC28441BC23}.Release|Any CPU.ActiveCfg = Release|Any CPU
		{8B0AF375-44DC-43DC-8EB7-2EC28441BC23}.Release|Any CPU.Build.0 = Release|Any CPU
		{B8601221-86CF-4064-9C20-78586A101BB7}.Debug|Any CPU.ActiveCfg = Debug|Any CPU
		{B8601221-86CF-4064-9C20-78586A101BB7}.Debug|Any CPU.Build.0 = Debug|Any CPU
		{B8601221-86CF-4064-9C20-78586A101BB7}.Release|Any CPU.ActiveCfg = Release|Any CPU
		{B8601221-86CF-4064-9C20-78586A101BB7}.Release|Any CPU.Build.0 = Release|Any CPU
	EndGlobalSection
	GlobalSection(SolutionProperties) = preSolution
		HideSolutionNode = FALSE
	EndGlobalSection
	GlobalSection(NestedProjects) = preSolution
		{6DC179B8-0BF3-4104-A86F-5C554E46D7AD} = {F4AB6236-1EB0-4F74-8A14-8C08D5959AD9}
		{34272CFD-67AF-4D83-80A8-D139EC889D99} = {F4AB6236-1EB0-4F74-8A14-8C08D5959AD9}
		{CE963373-73AE-492A-ADA7-95F2DFB34E33} = {F4AB6236-1EB0-4F74-8A14-8C08D5959AD9}
		{D68A8AD7-3081-4D90-BBFA-5A5AB6C7E616} = {F4AB6236-1EB0-4F74-8A14-8C08D5959AD9}
		{76A2A241-6AD2-4BB6-ADBA-60237EDCD309} = {F4AB6236-1EB0-4F74-8A14-8C08D5959AD9}
		{32D49AE9-D01E-4F6D-82CF-A9D9D101B5D7} = {2CFA96B8-B9CE-4E9B-AFEF-EC7164B37F3F}
		{0A5E0053-7E52-4949-A5E4-3B7718EDFE19} = {F4AB6236-1EB0-4F74-8A14-8C08D5959AD9}
		{31E5136C-6AFF-4619-A253-2664E5F828C5} = {2CFA96B8-B9CE-4E9B-AFEF-EC7164B37F3F}
		{B124C5E1-C37B-4C91-80F5-7437B8D6FCE0} = {2CFA96B8-B9CE-4E9B-AFEF-EC7164B37F3F}
		{23778F96-9B30-44E0-B82B-B235106F24AD} = {F4AB6236-1EB0-4F74-8A14-8C08D5959AD9}
		{30B6A5ED-E745-41F3-9C11-B7D6372F6B0E} = {2CFA96B8-B9CE-4E9B-AFEF-EC7164B37F3F}
		{C0E5F96D-5758-4FD9-BF89-000D7CAD1550} = {F4AB6236-1EB0-4F74-8A14-8C08D5959AD9}
		{9BC9FCDA-E464-412D-931F-8AEF84DBD147} = {2CFA96B8-B9CE-4E9B-AFEF-EC7164B37F3F}
		{62FC20AA-A20C-4DD4-9BEF-8E025B63D886} = {F4AB6236-1EB0-4F74-8A14-8C08D5959AD9}
		{70910BC7-9EAB-445D-830B-30545005A1E0} = {2CFA96B8-B9CE-4E9B-AFEF-EC7164B37F3F}
		{2C635480-E57F-4F1F-B7BC-009D37344A97} = {F4AB6236-1EB0-4F74-8A14-8C08D5959AD9}
		{3522BE45-ABB2-43E5-9227-8C923E841A37} = {F4AB6236-1EB0-4F74-8A14-8C08D5959AD9}
		{24F2A8EC-AA3B-4343-8554-64E0A9F5D8BF} = {77CAEE0B-590C-47CD-9AA8-18BDDD3F36BD}
		{06335998-2AB6-4276-801B-8130065CD48E} = {2CFA96B8-B9CE-4E9B-AFEF-EC7164B37F3F}
		{FCBBC312-5DD2-4847-8703-B8F66C623CE4} = {77CAEE0B-590C-47CD-9AA8-18BDDD3F36BD}
		{1C277526-2629-4A49-88A1-F329D453BD7D} = {2CFA96B8-B9CE-4E9B-AFEF-EC7164B37F3F}
		{7947E6B7-C169-4CD5-9D75-0C52EBE04BBD} = {77CAEE0B-590C-47CD-9AA8-18BDDD3F36BD}
		{777AAF71-F645-456C-B3FC-7BABE1E03D31} = {2CFA96B8-B9CE-4E9B-AFEF-EC7164B37F3F}
		{FEC35B12-CC95-4DE3-A594-1B9473E520CD} = {F4AB6236-1EB0-4F74-8A14-8C08D5959AD9}
		{8715F0E6-E605-40AA-A102-FB76BC1D707E} = {F4AB6236-1EB0-4F74-8A14-8C08D5959AD9}
		{DCC0472E-FDBF-406B-999F-372630458E76} = {2CFA96B8-B9CE-4E9B-AFEF-EC7164B37F3F}
		{47785C01-B72E-44E5-B5A3-A802B458E374} = {F4AB6236-1EB0-4F74-8A14-8C08D5959AD9}
		{1F55D273-A817-4D40-AAEA-2D332CCF2D95} = {2CFA96B8-B9CE-4E9B-AFEF-EC7164B37F3F}
		{529D8322-6760-454E-95AB-CAE2DF5EC39C} = {77CAEE0B-590C-47CD-9AA8-18BDDD3F36BD}
		{954D49A0-EA52-417E-99DF-D1BD7C410AB4} = {F4AB6236-1EB0-4F74-8A14-8C08D5959AD9}
		{8FE89D63-D9EE-49C4-92AD-B73E72201088} = {F4AB6236-1EB0-4F74-8A14-8C08D5959AD9}
		{04248864-11E0-4B2B-863A-B18FD41E9007} = {2CFA96B8-B9CE-4E9B-AFEF-EC7164B37F3F}
		{8B0AF375-44DC-43DC-8EB7-2EC28441BC23} = {77CAEE0B-590C-47CD-9AA8-18BDDD3F36BD}
		{B8601221-86CF-4064-9C20-78586A101BB7} = {2CFA96B8-B9CE-4E9B-AFEF-EC7164B37F3F}
	EndGlobalSection
	GlobalSection(ExtensibilityGlobals) = postSolution
		SolutionGuid = {316D113C-3632-4A63-A1B6-0847E9818E28}
	EndGlobalSection
EndGlobal
