
Microsoft Visual Studio Solution File, Format Version 12.00
# Visual Studio Version 17
VisualStudioVersion = 17.0.32014.148
MinimumVisualStudioVersion = 10.0.40219.1
Project("{9A19103F-16F7-4668-BE54-9A1E7A4F7556}") = "Structr.Abstractions", "src\Structr.Abstractions\Structr.Abstractions.csproj", "{6DC179B8-0BF3-4104-A86F-5C554E46D7AD}"
EndProject
Project("{2150E333-8FDC-42A3-9474-1A3956D46DE8}") = "src", "src", "{F4AB6236-1EB0-4F74-8A14-8C08D5959AD9}"
EndProject
Project("{9A19103F-16F7-4668-BE54-9A1E7A4F7556}") = "Structr.IO", "src\Structr.IO\Structr.IO.csproj", "{34272CFD-67AF-4D83-80A8-D139EC889D99}"
EndProject
Project("{9A19103F-16F7-4668-BE54-9A1E7A4F7556}") = "Structr.Security", "src\Structr.Security\Structr.Security.csproj", "{CE963373-73AE-492A-ADA7-95F2DFB34E33}"
EndProject
Project("{9A19103F-16F7-4668-BE54-9A1E7A4F7556}") = "Structr.Notices", "src\Structr.Notices\Structr.Notices.csproj", "{D68A8AD7-3081-4D90-BBFA-5A5AB6C7E616}"
EndProject
Project("{9A19103F-16F7-4668-BE54-9A1E7A4F7556}") = "Structr.Operations", "src\Structr.Operations\Structr.Operations.csproj", "{76A2A241-6AD2-4BB6-ADBA-60237EDCD309}"
EndProject
Project("{2150E333-8FDC-42A3-9474-1A3956D46DE8}") = "samples", "samples", "{2CFA96B8-B9CE-4E9B-AFEF-EC7164B37F3F}"
EndProject
Project("{9A19103F-16F7-4668-BE54-9A1E7A4F7556}") = "Structr.Samples.Operations", "samples\Structr.Samples.Operations\Structr.Samples.Operations.csproj", "{32D49AE9-D01E-4F6D-82CF-A9D9D101B5D7}"
EndProject
Project("{9A19103F-16F7-4668-BE54-9A1E7A4F7556}") = "Structr.Validation", "src\Structr.Validation\Structr.Validation.csproj", "{0A5E0053-7E52-4949-A5E4-3B7718EDFE19}"
EndProject
Project("{9A19103F-16F7-4668-BE54-9A1E7A4F7556}") = "Structr.Samples.Validation", "samples\Structr.Samples.Validation\Structr.Samples.Validation.csproj", "{31E5136C-6AFF-4619-A253-2664E5F828C5}"
EndProject
Project("{9A19103F-16F7-4668-BE54-9A1E7A4F7556}") = "Structr.Samples", "samples\Structr.Samples\Structr.Samples.csproj", "{B124C5E1-C37B-4C91-80F5-7437B8D6FCE0}"
EndProject
Project("{9A19103F-16F7-4668-BE54-9A1E7A4F7556}") = "Structr.Domain", "src\Structr.Domain\Structr.Domain.csproj", "{23778F96-9B30-44E0-B82B-B235106F24AD}"
EndProject
Project("{9A19103F-16F7-4668-BE54-9A1E7A4F7556}") = "Structr.Samples.Notices", "samples\Structr.Samples.Notices\Structr.Samples.Notices.csproj", "{30B6A5ED-E745-41F3-9C11-B7D6372F6B0E}"
EndProject
Project("{9A19103F-16F7-4668-BE54-9A1E7A4F7556}") = "Structr.Stateflows", "src\Structr.Stateflows\Structr.Stateflows.csproj", "{C0E5F96D-5758-4FD9-BF89-000D7CAD1550}"
EndProject
Project("{9A19103F-16F7-4668-BE54-9A1E7A4F7556}") = "Structr.Samples.Stateflows", "samples\Structr.Samples.Stateflows\Structr.Samples.Stateflows.csproj", "{9BC9FCDA-E464-412D-931F-8AEF84DBD147}"
EndProject
Project("{9A19103F-16F7-4668-BE54-9A1E7A4F7556}") = "Structr.Collections", "src\Structr.Collections\Structr.Collections.csproj", "{62FC20AA-A20C-4DD4-9BEF-8E025B63D886}"
EndProject
Project("{9A19103F-16F7-4668-BE54-9A1E7A4F7556}") = "Structr.Samples.Collections", "samples\Structr.Samples.Collections\Structr.Samples.Collections.csproj", "{70910BC7-9EAB-445D-830B-30545005A1E0}"
EndProject
Project("{9A19103F-16F7-4668-BE54-9A1E7A4F7556}") = "Structr.Specifications", "src\Structr.Specifications\Structr.Specifications.csproj", "{2C635480-E57F-4F1F-B7BC-009D37344A97}"
EndProject
Project("{9A19103F-16F7-4668-BE54-9A1E7A4F7556}") = "Structr.Collections.Extensions.AutoMapper", "src\Structr.Collections.Extensions.AutoMapper\Structr.Collections.Extensions.AutoMapper.csproj", "{3522BE45-ABB2-43E5-9227-8C923E841A37}"
EndProject
Project("{2150E333-8FDC-42A3-9474-1A3956D46DE8}") = "tests", "tests", "{77CAEE0B-590C-47CD-9AA8-18BDDD3F36BD}"
EndProject
Project("{9A19103F-16F7-4668-BE54-9A1E7A4F7556}") = "Structr.Samples.Domain", "samples\Structr.Samples.Domain\Structr.Samples.Domain.csproj", "{06335998-2AB6-4276-801B-8130065CD48E}"
EndProject
Project("{9A19103F-16F7-4668-BE54-9A1E7A4F7556}") = "Structr.Samples.IO", "samples\Structr.Samples.IO\Structr.Samples.IO.csproj", "{1C277526-2629-4A49-88A1-F329D453BD7D}"
EndProject
Project("{9A19103F-16F7-4668-BE54-9A1E7A4F7556}") = "Structr.Samples.Specifications", "samples\Structr.Samples.Specifications\Structr.Samples.Specifications.csproj", "{777AAF71-F645-456C-B3FC-7BABE1E03D31}"
EndProject
Project("{9A19103F-16F7-4668-BE54-9A1E7A4F7556}") = "Structr.EntityFrameworkCore", "src\Structr.EntityFrameworkCore\Structr.EntityFrameworkCore.csproj", "{FEC35B12-CC95-4DE3-A594-1B9473E520CD}"
EndProject
Project("{9A19103F-16F7-4668-BE54-9A1E7A4F7556}") = "Structr.SqlServer", "src\Structr.SqlServer\Structr.SqlServer.csproj", "{8715F0E6-E605-40AA-A102-FB76BC1D707E}"
EndProject
Project("{9A19103F-16F7-4668-BE54-9A1E7A4F7556}") = "Structr.Samples.EntityFrameworkCore", "samples\Structr.Samples.EntityFrameworkCore\Structr.Samples.EntityFrameworkCore.csproj", "{DCC0472E-FDBF-406B-999F-372630458E76}"
EndProject
Project("{9A19103F-16F7-4668-BE54-9A1E7A4F7556}") = "Structr.EntityFramework", "src\Structr.EntityFramework\Structr.EntityFramework.csproj", "{47785C01-B72E-44E5-B5A3-A802B458E374}"
EndProject
Project("{9A19103F-16F7-4668-BE54-9A1E7A4F7556}") = "Structr.AspNetCore", "src\Structr.AspNetCore\Structr.AspNetCore.csproj", "{954D49A0-EA52-417E-99DF-D1BD7C410AB4}"
EndProject
Project("{9A19103F-16F7-4668-BE54-9A1E7A4F7556}") = "Structr.Samples.Navigation", "samples\Structr.Samples.Navigation\Structr.Samples.Navigation.csproj", "{04248864-11E0-4B2B-863A-B18FD41E9007}"
EndProject
Project("{9A19103F-16F7-4668-BE54-9A1E7A4F7556}") = "Structr.Samples.AspNetCore", "samples\Structr.Samples.AspNetCore\Structr.Samples.AspNetCore.csproj", "{B8601221-86CF-4064-9C20-78586A101BB7}"
EndProject
Project("{9A19103F-16F7-4668-BE54-9A1E7A4F7556}") = "Structr.Samples.Abstractions", "samples\Structr.Samples.Abstractions\Structr.Samples.Abstractions.csproj", "{457042DB-4822-48D3-BD3A-937B2FA81D23}"
EndProject
Project("{9A19103F-16F7-4668-BE54-9A1E7A4F7556}") = "Structr.Configuration", "src\Structr.Configuration\Structr.Configuration.csproj", "{9B5CB0F0-3FBF-4313-A548-7DE142368333}"
EndProject
Project("{9A19103F-16F7-4668-BE54-9A1E7A4F7556}") = "Structr.Samples.Configuration", "samples\Structr.Samples.Configuration\Structr.Samples.Configuration.csproj", "{B4CA8D01-44FC-47BA-8096-C7358699FD55}"
EndProject
Project("{9A19103F-16F7-4668-BE54-9A1E7A4F7556}") = "Structr.AspNetCore.Validation", "src\Structr.AspNetCore.Validation\Structr.AspNetCore.Validation.csproj", "{38396C5C-ED2A-4417-A65F-892B8EDAFE45}"
EndProject
Project("{9A19103F-16F7-4668-BE54-9A1E7A4F7556}") = "Structr.Navigation", "src\Structr.Navigation\Structr.Navigation.csproj", "{AE06D1A6-A521-47A3-A9B9-68E1D419DBB9}"
EndProject
Project("{9A19103F-16F7-4668-BE54-9A1E7A4F7556}") = "Structr.Samples.EntityFramework", "samples\Structr.Samples.EntityFramework\Structr.Samples.EntityFramework.csproj", "{1F55D273-A817-4D40-AAEA-2D332CCF2D95}"
EndProject
Project("{2150E333-8FDC-42A3-9474-1A3956D46DE8}") = ".Solution Items", ".Solution Items", "{0D8DA140-9D58-4F4C-949F-7CA1CCC2DF3D}"
	ProjectSection(SolutionItems) = preProject
		.editorconfig = .editorconfig
		.gitattributes = .gitattributes
		.gitignore = .gitignore
		appveyor.yml = appveyor.yml
		Directory.Build.props = Directory.Build.props
		LICENSE.txt = LICENSE.txt
		README.md = README.md
	EndProjectSection
EndProject
Project("{9A19103F-16F7-4668-BE54-9A1E7A4F7556}") = "Structr.Email", "src\Structr.Email\Structr.Email.csproj", "{4F504581-A89F-451F-87C8-4FA87BFDA980}"
EndProject
Project("{9A19103F-16F7-4668-BE54-9A1E7A4F7556}") = "Structr.Email.Razor", "src\Structr.Email.Razor\Structr.Email.Razor.csproj", "{BAB9EEC3-F2D8-4670-8B68-BFA71B9129D8}"
EndProject
Project("{9A19103F-16F7-4668-BE54-9A1E7A4F7556}") = "Structr.Samples.Email", "samples\Structr.Samples.Email\Structr.Samples.Email.csproj", "{F885C96D-9962-4AC9-8181-3603424D9BB4}"
EndProject
Project("{2150E333-8FDC-42A3-9474-1A3956D46DE8}") = "Collections", "Collections", "{46B52A51-8BF9-48F2-A683-431EB8AE56A1}"
EndProject
Project("{2150E333-8FDC-42A3-9474-1A3956D46DE8}") = "Email", "Email", "{25A541A0-0BBF-4FA6-BC59-EB5C166A22D4}"
EndProject
Project("{2150E333-8FDC-42A3-9474-1A3956D46DE8}") = "AspNetCore", "AspNetCore", "{C0DEEE44-AA6A-401C-AA1F-E5274DAE1F2B}"
EndProject
Project("{9A19103F-16F7-4668-BE54-9A1E7A4F7556}") = "Structr.Tests.Abstractions", "tests\Structr.Tests.Abstractions\Structr.Tests.Abstractions.csproj", "{52E8FB95-800E-4104-AEE9-B96AECCFE132}"
EndProject
Project("{9A19103F-16F7-4668-BE54-9A1E7A4F7556}") = "Structr.Tests.Domain", "tests\Structr.Tests.Domain\Structr.Tests.Domain.csproj", "{7E6B070F-B147-4DC2-80B4-BFC782462950}"
EndProject
Project("{9A19103F-16F7-4668-BE54-9A1E7A4F7556}") = "Structr.Tests.IO", "tests\Structr.Tests.IO\Structr.Tests.IO.csproj", "{07D40829-1EDB-41E6-AA8C-9C31FABF96FF}"
EndProject
Project("{9A19103F-16F7-4668-BE54-9A1E7A4F7556}") = "Structr.Tests.Navigation", "tests\Structr.Tests.Navigation\Structr.Tests.Navigation.csproj", "{54B8B8F7-D2E8-4AC0-964C-C49090B73F99}"
EndProject
Project("{9A19103F-16F7-4668-BE54-9A1E7A4F7556}") = "Structr.Tests.Specifications", "tests\Structr.Tests.Specifications\Structr.Tests.Specifications.csproj", "{E894E942-AB92-42A1-A9AC-3EC015957B49}"
EndProject
Project("{9A19103F-16F7-4668-BE54-9A1E7A4F7556}") = "Structr.Tests.Operations", "tests\Structr.Tests.Operations\Structr.Tests.Operations.csproj", "{64F1DB09-B10F-494F-A086-A52CF5E036AF}"
EndProject
Project("{9A19103F-16F7-4668-BE54-9A1E7A4F7556}") = "Structr.Tests.Collections", "tests\Structr.Tests.Collections\Structr.Tests.Collections.csproj", "{EB0959EF-6926-4326-AF97-3DEF5EE6869A}"
EndProject
Project("{9A19103F-16F7-4668-BE54-9A1E7A4F7556}") = "Structr.Tests.Collections.Extensions.AutoMapper", "tests\Structr.Tests.Collections.Extensions.AutoMapper\Structr.Tests.Collections.Extensions.AutoMapper.csproj", "{0F2FCE30-CE76-4EB1-A63A-5C18F5B64AE0}"
EndProject
Project("{FAE04EC0-301F-11D3-BF4B-00C04F79EFBC}") = "Structr.Tests.Validation", "tests\Structr.Tests.Validation\Structr.Tests.Validation.csproj", "{44DEAE03-3A2D-47D8-8807-5B2D9BCED8DA}"
EndProject
Global
	GlobalSection(SolutionConfigurationPlatforms) = preSolution
		Debug|Any CPU = Debug|Any CPU
		Release|Any CPU = Release|Any CPU
	EndGlobalSection
	GlobalSection(ProjectConfigurationPlatforms) = postSolution
		{6DC179B8-0BF3-4104-A86F-5C554E46D7AD}.Debug|Any CPU.ActiveCfg = Debug|Any CPU
		{6DC179B8-0BF3-4104-A86F-5C554E46D7AD}.Debug|Any CPU.Build.0 = Debug|Any CPU
		{6DC179B8-0BF3-4104-A86F-5C554E46D7AD}.Release|Any CPU.ActiveCfg = Release|Any CPU
		{6DC179B8-0BF3-4104-A86F-5C554E46D7AD}.Release|Any CPU.Build.0 = Release|Any CPU
		{34272CFD-67AF-4D83-80A8-D139EC889D99}.Debug|Any CPU.ActiveCfg = Debug|Any CPU
		{34272CFD-67AF-4D83-80A8-D139EC889D99}.Debug|Any CPU.Build.0 = Debug|Any CPU
		{34272CFD-67AF-4D83-80A8-D139EC889D99}.Release|Any CPU.ActiveCfg = Release|Any CPU
		{34272CFD-67AF-4D83-80A8-D139EC889D99}.Release|Any CPU.Build.0 = Release|Any CPU
		{CE963373-73AE-492A-ADA7-95F2DFB34E33}.Debug|Any CPU.ActiveCfg = Debug|Any CPU
		{CE963373-73AE-492A-ADA7-95F2DFB34E33}.Debug|Any CPU.Build.0 = Debug|Any CPU
		{CE963373-73AE-492A-ADA7-95F2DFB34E33}.Release|Any CPU.ActiveCfg = Release|Any CPU
		{CE963373-73AE-492A-ADA7-95F2DFB34E33}.Release|Any CPU.Build.0 = Release|Any CPU
		{D68A8AD7-3081-4D90-BBFA-5A5AB6C7E616}.Debug|Any CPU.ActiveCfg = Debug|Any CPU
		{D68A8AD7-3081-4D90-BBFA-5A5AB6C7E616}.Debug|Any CPU.Build.0 = Debug|Any CPU
		{D68A8AD7-3081-4D90-BBFA-5A5AB6C7E616}.Release|Any CPU.ActiveCfg = Release|Any CPU
		{D68A8AD7-3081-4D90-BBFA-5A5AB6C7E616}.Release|Any CPU.Build.0 = Release|Any CPU
		{76A2A241-6AD2-4BB6-ADBA-60237EDCD309}.Debug|Any CPU.ActiveCfg = Debug|Any CPU
		{76A2A241-6AD2-4BB6-ADBA-60237EDCD309}.Debug|Any CPU.Build.0 = Debug|Any CPU
		{76A2A241-6AD2-4BB6-ADBA-60237EDCD309}.Release|Any CPU.ActiveCfg = Release|Any CPU
		{76A2A241-6AD2-4BB6-ADBA-60237EDCD309}.Release|Any CPU.Build.0 = Release|Any CPU
		{32D49AE9-D01E-4F6D-82CF-A9D9D101B5D7}.Debug|Any CPU.ActiveCfg = Debug|Any CPU
		{32D49AE9-D01E-4F6D-82CF-A9D9D101B5D7}.Debug|Any CPU.Build.0 = Debug|Any CPU
		{32D49AE9-D01E-4F6D-82CF-A9D9D101B5D7}.Release|Any CPU.ActiveCfg = Release|Any CPU
		{32D49AE9-D01E-4F6D-82CF-A9D9D101B5D7}.Release|Any CPU.Build.0 = Release|Any CPU
		{0A5E0053-7E52-4949-A5E4-3B7718EDFE19}.Debug|Any CPU.ActiveCfg = Debug|Any CPU
		{0A5E0053-7E52-4949-A5E4-3B7718EDFE19}.Debug|Any CPU.Build.0 = Debug|Any CPU
		{0A5E0053-7E52-4949-A5E4-3B7718EDFE19}.Release|Any CPU.ActiveCfg = Release|Any CPU
		{0A5E0053-7E52-4949-A5E4-3B7718EDFE19}.Release|Any CPU.Build.0 = Release|Any CPU
		{31E5136C-6AFF-4619-A253-2664E5F828C5}.Debug|Any CPU.ActiveCfg = Debug|Any CPU
		{31E5136C-6AFF-4619-A253-2664E5F828C5}.Debug|Any CPU.Build.0 = Debug|Any CPU
		{31E5136C-6AFF-4619-A253-2664E5F828C5}.Release|Any CPU.ActiveCfg = Release|Any CPU
		{31E5136C-6AFF-4619-A253-2664E5F828C5}.Release|Any CPU.Build.0 = Release|Any CPU
		{B124C5E1-C37B-4C91-80F5-7437B8D6FCE0}.Debug|Any CPU.ActiveCfg = Debug|Any CPU
		{B124C5E1-C37B-4C91-80F5-7437B8D6FCE0}.Debug|Any CPU.Build.0 = Debug|Any CPU
		{B124C5E1-C37B-4C91-80F5-7437B8D6FCE0}.Release|Any CPU.ActiveCfg = Release|Any CPU
		{B124C5E1-C37B-4C91-80F5-7437B8D6FCE0}.Release|Any CPU.Build.0 = Release|Any CPU
		{23778F96-9B30-44E0-B82B-B235106F24AD}.Debug|Any CPU.ActiveCfg = Debug|Any CPU
		{23778F96-9B30-44E0-B82B-B235106F24AD}.Debug|Any CPU.Build.0 = Debug|Any CPU
		{23778F96-9B30-44E0-B82B-B235106F24AD}.Release|Any CPU.ActiveCfg = Release|Any CPU
		{23778F96-9B30-44E0-B82B-B235106F24AD}.Release|Any CPU.Build.0 = Release|Any CPU
		{30B6A5ED-E745-41F3-9C11-B7D6372F6B0E}.Debug|Any CPU.ActiveCfg = Debug|Any CPU
		{30B6A5ED-E745-41F3-9C11-B7D6372F6B0E}.Debug|Any CPU.Build.0 = Debug|Any CPU
		{30B6A5ED-E745-41F3-9C11-B7D6372F6B0E}.Release|Any CPU.ActiveCfg = Release|Any CPU
		{30B6A5ED-E745-41F3-9C11-B7D6372F6B0E}.Release|Any CPU.Build.0 = Release|Any CPU
		{C0E5F96D-5758-4FD9-BF89-000D7CAD1550}.Debug|Any CPU.ActiveCfg = Debug|Any CPU
		{C0E5F96D-5758-4FD9-BF89-000D7CAD1550}.Debug|Any CPU.Build.0 = Debug|Any CPU
		{C0E5F96D-5758-4FD9-BF89-000D7CAD1550}.Release|Any CPU.ActiveCfg = Release|Any CPU
		{C0E5F96D-5758-4FD9-BF89-000D7CAD1550}.Release|Any CPU.Build.0 = Release|Any CPU
		{9BC9FCDA-E464-412D-931F-8AEF84DBD147}.Debug|Any CPU.ActiveCfg = Debug|Any CPU
		{9BC9FCDA-E464-412D-931F-8AEF84DBD147}.Debug|Any CPU.Build.0 = Debug|Any CPU
		{9BC9FCDA-E464-412D-931F-8AEF84DBD147}.Release|Any CPU.ActiveCfg = Release|Any CPU
		{9BC9FCDA-E464-412D-931F-8AEF84DBD147}.Release|Any CPU.Build.0 = Release|Any CPU
		{62FC20AA-A20C-4DD4-9BEF-8E025B63D886}.Debug|Any CPU.ActiveCfg = Debug|Any CPU
		{62FC20AA-A20C-4DD4-9BEF-8E025B63D886}.Debug|Any CPU.Build.0 = Debug|Any CPU
		{62FC20AA-A20C-4DD4-9BEF-8E025B63D886}.Release|Any CPU.ActiveCfg = Release|Any CPU
		{62FC20AA-A20C-4DD4-9BEF-8E025B63D886}.Release|Any CPU.Build.0 = Release|Any CPU
		{70910BC7-9EAB-445D-830B-30545005A1E0}.Debug|Any CPU.ActiveCfg = Debug|Any CPU
		{70910BC7-9EAB-445D-830B-30545005A1E0}.Debug|Any CPU.Build.0 = Debug|Any CPU
		{70910BC7-9EAB-445D-830B-30545005A1E0}.Release|Any CPU.ActiveCfg = Release|Any CPU
		{70910BC7-9EAB-445D-830B-30545005A1E0}.Release|Any CPU.Build.0 = Release|Any CPU
		{2C635480-E57F-4F1F-B7BC-009D37344A97}.Debug|Any CPU.ActiveCfg = Debug|Any CPU
		{2C635480-E57F-4F1F-B7BC-009D37344A97}.Debug|Any CPU.Build.0 = Debug|Any CPU
		{2C635480-E57F-4F1F-B7BC-009D37344A97}.Release|Any CPU.ActiveCfg = Release|Any CPU
		{2C635480-E57F-4F1F-B7BC-009D37344A97}.Release|Any CPU.Build.0 = Release|Any CPU
		{3522BE45-ABB2-43E5-9227-8C923E841A37}.Debug|Any CPU.ActiveCfg = Debug|Any CPU
		{3522BE45-ABB2-43E5-9227-8C923E841A37}.Debug|Any CPU.Build.0 = Debug|Any CPU
		{3522BE45-ABB2-43E5-9227-8C923E841A37}.Release|Any CPU.ActiveCfg = Release|Any CPU
		{3522BE45-ABB2-43E5-9227-8C923E841A37}.Release|Any CPU.Build.0 = Release|Any CPU
		{06335998-2AB6-4276-801B-8130065CD48E}.Debug|Any CPU.ActiveCfg = Debug|Any CPU
		{06335998-2AB6-4276-801B-8130065CD48E}.Debug|Any CPU.Build.0 = Debug|Any CPU
		{06335998-2AB6-4276-801B-8130065CD48E}.Release|Any CPU.ActiveCfg = Release|Any CPU
		{06335998-2AB6-4276-801B-8130065CD48E}.Release|Any CPU.Build.0 = Release|Any CPU
		{1C277526-2629-4A49-88A1-F329D453BD7D}.Debug|Any CPU.ActiveCfg = Debug|Any CPU
		{1C277526-2629-4A49-88A1-F329D453BD7D}.Debug|Any CPU.Build.0 = Debug|Any CPU
		{1C277526-2629-4A49-88A1-F329D453BD7D}.Release|Any CPU.ActiveCfg = Release|Any CPU
		{1C277526-2629-4A49-88A1-F329D453BD7D}.Release|Any CPU.Build.0 = Release|Any CPU
		{777AAF71-F645-456C-B3FC-7BABE1E03D31}.Debug|Any CPU.ActiveCfg = Debug|Any CPU
		{777AAF71-F645-456C-B3FC-7BABE1E03D31}.Debug|Any CPU.Build.0 = Debug|Any CPU
		{777AAF71-F645-456C-B3FC-7BABE1E03D31}.Release|Any CPU.ActiveCfg = Release|Any CPU
		{777AAF71-F645-456C-B3FC-7BABE1E03D31}.Release|Any CPU.Build.0 = Release|Any CPU
		{FEC35B12-CC95-4DE3-A594-1B9473E520CD}.Debug|Any CPU.ActiveCfg = Debug|Any CPU
		{FEC35B12-CC95-4DE3-A594-1B9473E520CD}.Debug|Any CPU.Build.0 = Debug|Any CPU
		{FEC35B12-CC95-4DE3-A594-1B9473E520CD}.Release|Any CPU.ActiveCfg = Release|Any CPU
		{FEC35B12-CC95-4DE3-A594-1B9473E520CD}.Release|Any CPU.Build.0 = Release|Any CPU
		{8715F0E6-E605-40AA-A102-FB76BC1D707E}.Debug|Any CPU.ActiveCfg = Debug|Any CPU
		{8715F0E6-E605-40AA-A102-FB76BC1D707E}.Debug|Any CPU.Build.0 = Debug|Any CPU
		{8715F0E6-E605-40AA-A102-FB76BC1D707E}.Release|Any CPU.ActiveCfg = Release|Any CPU
		{8715F0E6-E605-40AA-A102-FB76BC1D707E}.Release|Any CPU.Build.0 = Release|Any CPU
		{DCC0472E-FDBF-406B-999F-372630458E76}.Debug|Any CPU.ActiveCfg = Debug|Any CPU
		{DCC0472E-FDBF-406B-999F-372630458E76}.Debug|Any CPU.Build.0 = Debug|Any CPU
		{DCC0472E-FDBF-406B-999F-372630458E76}.Release|Any CPU.ActiveCfg = Release|Any CPU
		{DCC0472E-FDBF-406B-999F-372630458E76}.Release|Any CPU.Build.0 = Release|Any CPU
		{47785C01-B72E-44E5-B5A3-A802B458E374}.Debug|Any CPU.ActiveCfg = Debug|Any CPU
		{47785C01-B72E-44E5-B5A3-A802B458E374}.Debug|Any CPU.Build.0 = Debug|Any CPU
		{47785C01-B72E-44E5-B5A3-A802B458E374}.Release|Any CPU.ActiveCfg = Release|Any CPU
		{47785C01-B72E-44E5-B5A3-A802B458E374}.Release|Any CPU.Build.0 = Release|Any CPU
		{954D49A0-EA52-417E-99DF-D1BD7C410AB4}.Debug|Any CPU.ActiveCfg = Debug|Any CPU
		{954D49A0-EA52-417E-99DF-D1BD7C410AB4}.Debug|Any CPU.Build.0 = Debug|Any CPU
		{954D49A0-EA52-417E-99DF-D1BD7C410AB4}.Release|Any CPU.ActiveCfg = Release|Any CPU
		{954D49A0-EA52-417E-99DF-D1BD7C410AB4}.Release|Any CPU.Build.0 = Release|Any CPU
		{04248864-11E0-4B2B-863A-B18FD41E9007}.Debug|Any CPU.ActiveCfg = Debug|Any CPU
		{04248864-11E0-4B2B-863A-B18FD41E9007}.Debug|Any CPU.Build.0 = Debug|Any CPU
		{04248864-11E0-4B2B-863A-B18FD41E9007}.Release|Any CPU.ActiveCfg = Release|Any CPU
		{04248864-11E0-4B2B-863A-B18FD41E9007}.Release|Any CPU.Build.0 = Release|Any CPU
		{B8601221-86CF-4064-9C20-78586A101BB7}.Debug|Any CPU.ActiveCfg = Debug|Any CPU
		{B8601221-86CF-4064-9C20-78586A101BB7}.Debug|Any CPU.Build.0 = Debug|Any CPU
		{B8601221-86CF-4064-9C20-78586A101BB7}.Release|Any CPU.ActiveCfg = Release|Any CPU
		{B8601221-86CF-4064-9C20-78586A101BB7}.Release|Any CPU.Build.0 = Release|Any CPU
		{457042DB-4822-48D3-BD3A-937B2FA81D23}.Debug|Any CPU.ActiveCfg = Debug|Any CPU
		{457042DB-4822-48D3-BD3A-937B2FA81D23}.Debug|Any CPU.Build.0 = Debug|Any CPU
		{457042DB-4822-48D3-BD3A-937B2FA81D23}.Release|Any CPU.ActiveCfg = Release|Any CPU
		{457042DB-4822-48D3-BD3A-937B2FA81D23}.Release|Any CPU.Build.0 = Release|Any CPU
		{9B5CB0F0-3FBF-4313-A548-7DE142368333}.Debug|Any CPU.ActiveCfg = Debug|Any CPU
		{9B5CB0F0-3FBF-4313-A548-7DE142368333}.Debug|Any CPU.Build.0 = Debug|Any CPU
		{9B5CB0F0-3FBF-4313-A548-7DE142368333}.Release|Any CPU.ActiveCfg = Release|Any CPU
		{9B5CB0F0-3FBF-4313-A548-7DE142368333}.Release|Any CPU.Build.0 = Release|Any CPU
		{B4CA8D01-44FC-47BA-8096-C7358699FD55}.Debug|Any CPU.ActiveCfg = Debug|Any CPU
		{B4CA8D01-44FC-47BA-8096-C7358699FD55}.Debug|Any CPU.Build.0 = Debug|Any CPU
		{B4CA8D01-44FC-47BA-8096-C7358699FD55}.Release|Any CPU.ActiveCfg = Release|Any CPU
		{B4CA8D01-44FC-47BA-8096-C7358699FD55}.Release|Any CPU.Build.0 = Release|Any CPU
		{38396C5C-ED2A-4417-A65F-892B8EDAFE45}.Debug|Any CPU.ActiveCfg = Debug|Any CPU
		{38396C5C-ED2A-4417-A65F-892B8EDAFE45}.Debug|Any CPU.Build.0 = Debug|Any CPU
		{38396C5C-ED2A-4417-A65F-892B8EDAFE45}.Release|Any CPU.ActiveCfg = Release|Any CPU
		{38396C5C-ED2A-4417-A65F-892B8EDAFE45}.Release|Any CPU.Build.0 = Release|Any CPU
		{AE06D1A6-A521-47A3-A9B9-68E1D419DBB9}.Debug|Any CPU.ActiveCfg = Debug|Any CPU
		{AE06D1A6-A521-47A3-A9B9-68E1D419DBB9}.Debug|Any CPU.Build.0 = Debug|Any CPU
		{AE06D1A6-A521-47A3-A9B9-68E1D419DBB9}.Release|Any CPU.ActiveCfg = Release|Any CPU
		{AE06D1A6-A521-47A3-A9B9-68E1D419DBB9}.Release|Any CPU.Build.0 = Release|Any CPU
		{1F55D273-A817-4D40-AAEA-2D332CCF2D95}.Debug|Any CPU.ActiveCfg = Debug|Any CPU
		{1F55D273-A817-4D40-AAEA-2D332CCF2D95}.Debug|Any CPU.Build.0 = Debug|Any CPU
		{1F55D273-A817-4D40-AAEA-2D332CCF2D95}.Release|Any CPU.ActiveCfg = Release|Any CPU
		{1F55D273-A817-4D40-AAEA-2D332CCF2D95}.Release|Any CPU.Build.0 = Release|Any CPU
		{4F504581-A89F-451F-87C8-4FA87BFDA980}.Debug|Any CPU.ActiveCfg = Debug|Any CPU
		{4F504581-A89F-451F-87C8-4FA87BFDA980}.Debug|Any CPU.Build.0 = Debug|Any CPU
		{4F504581-A89F-451F-87C8-4FA87BFDA980}.Release|Any CPU.ActiveCfg = Release|Any CPU
		{4F504581-A89F-451F-87C8-4FA87BFDA980}.Release|Any CPU.Build.0 = Release|Any CPU
		{BAB9EEC3-F2D8-4670-8B68-BFA71B9129D8}.Debug|Any CPU.ActiveCfg = Debug|Any CPU
		{BAB9EEC3-F2D8-4670-8B68-BFA71B9129D8}.Debug|Any CPU.Build.0 = Debug|Any CPU
		{BAB9EEC3-F2D8-4670-8B68-BFA71B9129D8}.Release|Any CPU.ActiveCfg = Release|Any CPU
		{BAB9EEC3-F2D8-4670-8B68-BFA71B9129D8}.Release|Any CPU.Build.0 = Release|Any CPU
		{F885C96D-9962-4AC9-8181-3603424D9BB4}.Debug|Any CPU.ActiveCfg = Debug|Any CPU
		{F885C96D-9962-4AC9-8181-3603424D9BB4}.Debug|Any CPU.Build.0 = Debug|Any CPU
		{F885C96D-9962-4AC9-8181-3603424D9BB4}.Release|Any CPU.ActiveCfg = Release|Any CPU
		{F885C96D-9962-4AC9-8181-3603424D9BB4}.Release|Any CPU.Build.0 = Release|Any CPU
		{52E8FB95-800E-4104-AEE9-B96AECCFE132}.Debug|Any CPU.ActiveCfg = Debug|Any CPU
		{52E8FB95-800E-4104-AEE9-B96AECCFE132}.Debug|Any CPU.Build.0 = Debug|Any CPU
		{52E8FB95-800E-4104-AEE9-B96AECCFE132}.Release|Any CPU.ActiveCfg = Release|Any CPU
		{52E8FB95-800E-4104-AEE9-B96AECCFE132}.Release|Any CPU.Build.0 = Release|Any CPU
		{7E6B070F-B147-4DC2-80B4-BFC782462950}.Debug|Any CPU.ActiveCfg = Debug|Any CPU
		{7E6B070F-B147-4DC2-80B4-BFC782462950}.Debug|Any CPU.Build.0 = Debug|Any CPU
		{7E6B070F-B147-4DC2-80B4-BFC782462950}.Release|Any CPU.ActiveCfg = Release|Any CPU
		{7E6B070F-B147-4DC2-80B4-BFC782462950}.Release|Any CPU.Build.0 = Release|Any CPU
		{07D40829-1EDB-41E6-AA8C-9C31FABF96FF}.Debug|Any CPU.ActiveCfg = Debug|Any CPU
		{07D40829-1EDB-41E6-AA8C-9C31FABF96FF}.Debug|Any CPU.Build.0 = Debug|Any CPU
		{07D40829-1EDB-41E6-AA8C-9C31FABF96FF}.Release|Any CPU.ActiveCfg = Release|Any CPU
		{07D40829-1EDB-41E6-AA8C-9C31FABF96FF}.Release|Any CPU.Build.0 = Release|Any CPU
		{54B8B8F7-D2E8-4AC0-964C-C49090B73F99}.Debug|Any CPU.ActiveCfg = Debug|Any CPU
		{54B8B8F7-D2E8-4AC0-964C-C49090B73F99}.Debug|Any CPU.Build.0 = Debug|Any CPU
		{54B8B8F7-D2E8-4AC0-964C-C49090B73F99}.Release|Any CPU.ActiveCfg = Release|Any CPU
		{54B8B8F7-D2E8-4AC0-964C-C49090B73F99}.Release|Any CPU.Build.0 = Release|Any CPU
		{E894E942-AB92-42A1-A9AC-3EC015957B49}.Debug|Any CPU.ActiveCfg = Debug|Any CPU
		{E894E942-AB92-42A1-A9AC-3EC015957B49}.Debug|Any CPU.Build.0 = Debug|Any CPU
		{E894E942-AB92-42A1-A9AC-3EC015957B49}.Release|Any CPU.ActiveCfg = Release|Any CPU
		{E894E942-AB92-42A1-A9AC-3EC015957B49}.Release|Any CPU.Build.0 = Release|Any CPU
		{64F1DB09-B10F-494F-A086-A52CF5E036AF}.Debug|Any CPU.ActiveCfg = Debug|Any CPU
		{64F1DB09-B10F-494F-A086-A52CF5E036AF}.Debug|Any CPU.Build.0 = Debug|Any CPU
		{64F1DB09-B10F-494F-A086-A52CF5E036AF}.Release|Any CPU.ActiveCfg = Release|Any CPU
		{64F1DB09-B10F-494F-A086-A52CF5E036AF}.Release|Any CPU.Build.0 = Release|Any CPU
		{EB0959EF-6926-4326-AF97-3DEF5EE6869A}.Debug|Any CPU.ActiveCfg = Debug|Any CPU
		{EB0959EF-6926-4326-AF97-3DEF5EE6869A}.Debug|Any CPU.Build.0 = Debug|Any CPU
		{EB0959EF-6926-4326-AF97-3DEF5EE6869A}.Release|Any CPU.ActiveCfg = Release|Any CPU
		{EB0959EF-6926-4326-AF97-3DEF5EE6869A}.Release|Any CPU.Build.0 = Release|Any CPU
		{0F2FCE30-CE76-4EB1-A63A-5C18F5B64AE0}.Debug|Any CPU.ActiveCfg = Debug|Any CPU
		{0F2FCE30-CE76-4EB1-A63A-5C18F5B64AE0}.Debug|Any CPU.Build.0 = Debug|Any CPU
		{0F2FCE30-CE76-4EB1-A63A-5C18F5B64AE0}.Release|Any CPU.ActiveCfg = Release|Any CPU
		{0F2FCE30-CE76-4EB1-A63A-5C18F5B64AE0}.Release|Any CPU.Build.0 = Release|Any CPU
		{44DEAE03-3A2D-47D8-8807-5B2D9BCED8DA}.Debug|Any CPU.ActiveCfg = Debug|Any CPU
		{44DEAE03-3A2D-47D8-8807-5B2D9BCED8DA}.Debug|Any CPU.Build.0 = Debug|Any CPU
		{44DEAE03-3A2D-47D8-8807-5B2D9BCED8DA}.Release|Any CPU.ActiveCfg = Release|Any CPU
		{44DEAE03-3A2D-47D8-8807-5B2D9BCED8DA}.Release|Any CPU.Build.0 = Release|Any CPU
	EndGlobalSection
	GlobalSection(SolutionProperties) = preSolution
		HideSolutionNode = FALSE
	EndGlobalSection
	GlobalSection(NestedProjects) = preSolution
		{6DC179B8-0BF3-4104-A86F-5C554E46D7AD} = {F4AB6236-1EB0-4F74-8A14-8C08D5959AD9}
		{34272CFD-67AF-4D83-80A8-D139EC889D99} = {F4AB6236-1EB0-4F74-8A14-8C08D5959AD9}
		{CE963373-73AE-492A-ADA7-95F2DFB34E33} = {F4AB6236-1EB0-4F74-8A14-8C08D5959AD9}
		{D68A8AD7-3081-4D90-BBFA-5A5AB6C7E616} = {F4AB6236-1EB0-4F74-8A14-8C08D5959AD9}
		{76A2A241-6AD2-4BB6-ADBA-60237EDCD309} = {F4AB6236-1EB0-4F74-8A14-8C08D5959AD9}
		{32D49AE9-D01E-4F6D-82CF-A9D9D101B5D7} = {2CFA96B8-B9CE-4E9B-AFEF-EC7164B37F3F}
		{0A5E0053-7E52-4949-A5E4-3B7718EDFE19} = {F4AB6236-1EB0-4F74-8A14-8C08D5959AD9}
		{31E5136C-6AFF-4619-A253-2664E5F828C5} = {2CFA96B8-B9CE-4E9B-AFEF-EC7164B37F3F}
		{B124C5E1-C37B-4C91-80F5-7437B8D6FCE0} = {2CFA96B8-B9CE-4E9B-AFEF-EC7164B37F3F}
		{23778F96-9B30-44E0-B82B-B235106F24AD} = {F4AB6236-1EB0-4F74-8A14-8C08D5959AD9}
		{30B6A5ED-E745-41F3-9C11-B7D6372F6B0E} = {2CFA96B8-B9CE-4E9B-AFEF-EC7164B37F3F}
		{C0E5F96D-5758-4FD9-BF89-000D7CAD1550} = {F4AB6236-1EB0-4F74-8A14-8C08D5959AD9}
		{9BC9FCDA-E464-412D-931F-8AEF84DBD147} = {2CFA96B8-B9CE-4E9B-AFEF-EC7164B37F3F}
		{62FC20AA-A20C-4DD4-9BEF-8E025B63D886} = {46B52A51-8BF9-48F2-A683-431EB8AE56A1}
		{70910BC7-9EAB-445D-830B-30545005A1E0} = {2CFA96B8-B9CE-4E9B-AFEF-EC7164B37F3F}
		{2C635480-E57F-4F1F-B7BC-009D37344A97} = {F4AB6236-1EB0-4F74-8A14-8C08D5959AD9}
		{3522BE45-ABB2-43E5-9227-8C923E841A37} = {46B52A51-8BF9-48F2-A683-431EB8AE56A1}
		{06335998-2AB6-4276-801B-8130065CD48E} = {2CFA96B8-B9CE-4E9B-AFEF-EC7164B37F3F}
		{1C277526-2629-4A49-88A1-F329D453BD7D} = {2CFA96B8-B9CE-4E9B-AFEF-EC7164B37F3F}
		{777AAF71-F645-456C-B3FC-7BABE1E03D31} = {2CFA96B8-B9CE-4E9B-AFEF-EC7164B37F3F}
		{FEC35B12-CC95-4DE3-A594-1B9473E520CD} = {F4AB6236-1EB0-4F74-8A14-8C08D5959AD9}
		{8715F0E6-E605-40AA-A102-FB76BC1D707E} = {F4AB6236-1EB0-4F74-8A14-8C08D5959AD9}
		{DCC0472E-FDBF-406B-999F-372630458E76} = {2CFA96B8-B9CE-4E9B-AFEF-EC7164B37F3F}
		{47785C01-B72E-44E5-B5A3-A802B458E374} = {F4AB6236-1EB0-4F74-8A14-8C08D5959AD9}
		{954D49A0-EA52-417E-99DF-D1BD7C410AB4} = {C0DEEE44-AA6A-401C-AA1F-E5274DAE1F2B}
		{04248864-11E0-4B2B-863A-B18FD41E9007} = {2CFA96B8-B9CE-4E9B-AFEF-EC7164B37F3F}
		{B8601221-86CF-4064-9C20-78586A101BB7} = {2CFA96B8-B9CE-4E9B-AFEF-EC7164B37F3F}
		{457042DB-4822-48D3-BD3A-937B2FA81D23} = {2CFA96B8-B9CE-4E9B-AFEF-EC7164B37F3F}
		{9B5CB0F0-3FBF-4313-A548-7DE142368333} = {F4AB6236-1EB0-4F74-8A14-8C08D5959AD9}
		{B4CA8D01-44FC-47BA-8096-C7358699FD55} = {2CFA96B8-B9CE-4E9B-AFEF-EC7164B37F3F}
		{38396C5C-ED2A-4417-A65F-892B8EDAFE45} = {C0DEEE44-AA6A-401C-AA1F-E5274DAE1F2B}
		{AE06D1A6-A521-47A3-A9B9-68E1D419DBB9} = {F4AB6236-1EB0-4F74-8A14-8C08D5959AD9}
		{1F55D273-A817-4D40-AAEA-2D332CCF2D95} = {2CFA96B8-B9CE-4E9B-AFEF-EC7164B37F3F}
		{4F504581-A89F-451F-87C8-4FA87BFDA980} = {25A541A0-0BBF-4FA6-BC59-EB5C166A22D4}
		{BAB9EEC3-F2D8-4670-8B68-BFA71B9129D8} = {25A541A0-0BBF-4FA6-BC59-EB5C166A22D4}
		{F885C96D-9962-4AC9-8181-3603424D9BB4} = {2CFA96B8-B9CE-4E9B-AFEF-EC7164B37F3F}
		{46B52A51-8BF9-48F2-A683-431EB8AE56A1} = {F4AB6236-1EB0-4F74-8A14-8C08D5959AD9}
		{25A541A0-0BBF-4FA6-BC59-EB5C166A22D4} = {F4AB6236-1EB0-4F74-8A14-8C08D5959AD9}
		{C0DEEE44-AA6A-401C-AA1F-E5274DAE1F2B} = {F4AB6236-1EB0-4F74-8A14-8C08D5959AD9}
		{52E8FB95-800E-4104-AEE9-B96AECCFE132} = {77CAEE0B-590C-47CD-9AA8-18BDDD3F36BD}
		{7E6B070F-B147-4DC2-80B4-BFC782462950} = {77CAEE0B-590C-47CD-9AA8-18BDDD3F36BD}
		{07D40829-1EDB-41E6-AA8C-9C31FABF96FF} = {77CAEE0B-590C-47CD-9AA8-18BDDD3F36BD}
		{54B8B8F7-D2E8-4AC0-964C-C49090B73F99} = {77CAEE0B-590C-47CD-9AA8-18BDDD3F36BD}
		{E894E942-AB92-42A1-A9AC-3EC015957B49} = {77CAEE0B-590C-47CD-9AA8-18BDDD3F36BD}
		{64F1DB09-B10F-494F-A086-A52CF5E036AF} = {77CAEE0B-590C-47CD-9AA8-18BDDD3F36BD}
		{EB0959EF-6926-4326-AF97-3DEF5EE6869A} = {77CAEE0B-590C-47CD-9AA8-18BDDD3F36BD}
		{0F2FCE30-CE76-4EB1-A63A-5C18F5B64AE0} = {77CAEE0B-590C-47CD-9AA8-18BDDD3F36BD}
		{44DEAE03-3A2D-47D8-8807-5B2D9BCED8DA} = {77CAEE0B-590C-47CD-9AA8-18BDDD3F36BD}
	EndGlobalSection
	GlobalSection(ExtensibilityGlobals) = postSolution
		SolutionGuid = {316D113C-3632-4A63-A1B6-0847E9818E28}
	EndGlobalSection
EndGlobal
